// !$*UTF8*$!
{
	archiveVersion = 1;
	classes = {
	};
	objectVersion = 46;
	objects = {

/* Begin PBXBuildFile section */
		503EF2B13FFD79FECC5C166D /* libPods-Crunchyroll iOS Test ImageViewer.a in Frameworks */ = {isa = PBXBuildFile; fileRef = 912D2E00B7B2D7496F731D89 /* libPods-Crunchyroll iOS Test ImageViewer.a */; };
		AA40DF351A5B36C3002FB6AD /* HomeTableViewController.m in Sources */ = {isa = PBXBuildFile; fileRef = AA40DF341A5B36C3002FB6AD /* HomeTableViewController.m */; };
		AA40DF381A5B3CD5002FB6AD /* CustomTableViewCell.m in Sources */ = {isa = PBXBuildFile; fileRef = AA40DF371A5B3CD5002FB6AD /* CustomTableViewCell.m */; };
		AA40DF3B1A5B3D4F002FB6AD /* Image.m in Sources */ = {isa = PBXBuildFile; fileRef = AA40DF3A1A5B3D4F002FB6AD /* Image.m */; };
		AA40DF3D1A5B43AF002FB6AD /* placeHolder.jpg in Resources */ = {isa = PBXBuildFile; fileRef = AA40DF3C1A5B43AF002FB6AD /* placeHolder.jpg */; };
		AAF3EE621A5B317100892012 /* main.m in Sources */ = {isa = PBXBuildFile; fileRef = AAF3EE611A5B317100892012 /* main.m */; };
		AAF3EE651A5B317100892012 /* AppDelegate.m in Sources */ = {isa = PBXBuildFile; fileRef = AAF3EE641A5B317100892012 /* AppDelegate.m */; };
		AAF3EE6B1A5B317100892012 /* Main.storyboard in Resources */ = {isa = PBXBuildFile; fileRef = AAF3EE691A5B317100892012 /* Main.storyboard */; };
		AAF3EE6D1A5B317100892012 /* Images.xcassets in Resources */ = {isa = PBXBuildFile; fileRef = AAF3EE6C1A5B317100892012 /* Images.xcassets */; };
		AAF3EE701A5B317100892012 /* LaunchScreen.xib in Resources */ = {isa = PBXBuildFile; fileRef = AAF3EE6E1A5B317100892012 /* LaunchScreen.xib */; };
		AAF3EE7C1A5B317100892012 /* Crunchyroll_iOS_Test_ImageViewerTests.m in Sources */ = {isa = PBXBuildFile; fileRef = AAF3EE7B1A5B317100892012 /* Crunchyroll_iOS_Test_ImageViewerTests.m */; };
/* End PBXBuildFile section */

/* Begin PBXContainerItemProxy section */
		AAF3EE761A5B317100892012 /* PBXContainerItemProxy */ = {
			isa = PBXContainerItemProxy;
			containerPortal = AAF3EE541A5B317100892012 /* Project object */;
			proxyType = 1;
			remoteGlobalIDString = AAF3EE5B1A5B317100892012;
			remoteInfo = "Crunchyroll iOS Test ImageViewer";
		};
/* End PBXContainerItemProxy section */

/* Begin PBXFileReference section */
		36106C43042B7BC405007C47 /* Pods-Crunchyroll iOS Test ImageViewer.release.xcconfig */ = {isa = PBXFileReference; includeInIndex = 1; lastKnownFileType = text.xcconfig; name = "Pods-Crunchyroll iOS Test ImageViewer.release.xcconfig"; path = "Pods/Target Support Files/Pods-Crunchyroll iOS Test ImageViewer/Pods-Crunchyroll iOS Test ImageViewer.release.xcconfig"; sourceTree = "<group>"; };
		912D2E00B7B2D7496F731D89 /* libPods-Crunchyroll iOS Test ImageViewer.a */ = {isa = PBXFileReference; explicitFileType = archive.ar; includeInIndex = 0; path = "libPods-Crunchyroll iOS Test ImageViewer.a"; sourceTree = BUILT_PRODUCTS_DIR; };
		AA40DF331A5B36C3002FB6AD /* HomeTableViewController.h */ = {isa = PBXFileReference; fileEncoding = 4; lastKnownFileType = sourcecode.c.h; path = HomeTableViewController.h; sourceTree = "<group>"; };
		AA40DF341A5B36C3002FB6AD /* HomeTableViewController.m */ = {isa = PBXFileReference; fileEncoding = 4; lastKnownFileType = sourcecode.c.objc; path = HomeTableViewController.m; sourceTree = "<group>"; };
		AA40DF361A5B3CD5002FB6AD /* CustomTableViewCell.h */ = {isa = PBXFileReference; fileEncoding = 4; lastKnownFileType = sourcecode.c.h; path = CustomTableViewCell.h; sourceTree = "<group>"; };
		AA40DF371A5B3CD5002FB6AD /* CustomTableViewCell.m */ = {isa = PBXFileReference; fileEncoding = 4; lastKnownFileType = sourcecode.c.objc; path = CustomTableViewCell.m; sourceTree = "<group>"; };
		AA40DF391A5B3D4F002FB6AD /* Image.h */ = {isa = PBXFileReference; fileEncoding = 4; lastKnownFileType = sourcecode.c.h; path = Image.h; sourceTree = "<group>"; };
		AA40DF3A1A5B3D4F002FB6AD /* Image.m */ = {isa = PBXFileReference; fileEncoding = 4; lastKnownFileType = sourcecode.c.objc; path = Image.m; sourceTree = "<group>"; };
		AA40DF3C1A5B43AF002FB6AD /* placeHolder.jpg */ = {isa = PBXFileReference; lastKnownFileType = image.jpeg; path = placeHolder.jpg; sourceTree = "<group>"; };
		AAF3EE5C1A5B317100892012 /* Crunchyroll iOS Test ImageViewer.app */ = {isa = PBXFileReference; explicitFileType = wrapper.application; includeInIndex = 0; path = "Crunchyroll iOS Test ImageViewer.app"; sourceTree = BUILT_PRODUCTS_DIR; };
		AAF3EE601A5B317100892012 /* Info.plist */ = {isa = PBXFileReference; lastKnownFileType = text.plist.xml; path = Info.plist; sourceTree = "<group>"; };
		AAF3EE611A5B317100892012 /* main.m */ = {isa = PBXFileReference; lastKnownFileType = sourcecode.c.objc; path = main.m; sourceTree = "<group>"; };
		AAF3EE631A5B317100892012 /* AppDelegate.h */ = {isa = PBXFileReference; lastKnownFileType = sourcecode.c.h; path = AppDelegate.h; sourceTree = "<group>"; };
		AAF3EE641A5B317100892012 /* AppDelegate.m */ = {isa = PBXFileReference; lastKnownFileType = sourcecode.c.objc; path = AppDelegate.m; sourceTree = "<group>"; };
		AAF3EE6A1A5B317100892012 /* Base */ = {isa = PBXFileReference; lastKnownFileType = file.storyboard; name = Base; path = Base.lproj/Main.storyboard; sourceTree = "<group>"; };
		AAF3EE6C1A5B317100892012 /* Images.xcassets */ = {isa = PBXFileReference; lastKnownFileType = folder.assetcatalog; path = Images.xcassets; sourceTree = "<group>"; };
		AAF3EE6F1A5B317100892012 /* Base */ = {isa = PBXFileReference; lastKnownFileType = file.xib; name = Base; path = Base.lproj/LaunchScreen.xib; sourceTree = "<group>"; };
		AAF3EE751A5B317100892012 /* Crunchyroll iOS Test ImageViewerTests.xctest */ = {isa = PBXFileReference; explicitFileType = wrapper.cfbundle; includeInIndex = 0; path = "Crunchyroll iOS Test ImageViewerTests.xctest"; sourceTree = BUILT_PRODUCTS_DIR; };
		AAF3EE7A1A5B317100892012 /* Info.plist */ = {isa = PBXFileReference; lastKnownFileType = text.plist.xml; path = Info.plist; sourceTree = "<group>"; };
		AAF3EE7B1A5B317100892012 /* Crunchyroll_iOS_Test_ImageViewerTests.m */ = {isa = PBXFileReference; lastKnownFileType = sourcecode.c.objc; path = Crunchyroll_iOS_Test_ImageViewerTests.m; sourceTree = "<group>"; };
		EC846017D2FE348A6DEB38E9 /* Pods-Crunchyroll iOS Test ImageViewer.debug.xcconfig */ = {isa = PBXFileReference; includeInIndex = 1; lastKnownFileType = text.xcconfig; name = "Pods-Crunchyroll iOS Test ImageViewer.debug.xcconfig"; path = "Pods/Target Support Files/Pods-Crunchyroll iOS Test ImageViewer/Pods-Crunchyroll iOS Test ImageViewer.debug.xcconfig"; sourceTree = "<group>"; };
/* End PBXFileReference section */

/* Begin PBXFrameworksBuildPhase section */
		AAF3EE591A5B317100892012 /* Frameworks */ = {
			isa = PBXFrameworksBuildPhase;
			buildActionMask = 2147483647;
			files = (
				503EF2B13FFD79FECC5C166D /* libPods-Crunchyroll iOS Test ImageViewer.a in Frameworks */,
			);
			runOnlyForDeploymentPostprocessing = 0;
		};
		AAF3EE721A5B317100892012 /* Frameworks */ = {
			isa = PBXFrameworksBuildPhase;
			buildActionMask = 2147483647;
			files = (
			);
			runOnlyForDeploymentPostprocessing = 0;
		};
/* End PBXFrameworksBuildPhase section */

/* Begin PBXGroup section */
		96040548DE3CF99424A5F0AF /* Pods */ = {
			isa = PBXGroup;
			children = (
				EC846017D2FE348A6DEB38E9 /* Pods-Crunchyroll iOS Test ImageViewer.debug.xcconfig */,
				36106C43042B7BC405007C47 /* Pods-Crunchyroll iOS Test ImageViewer.release.xcconfig */,
			);
			name = Pods;
			sourceTree = "<group>";
		};
		AAF3EE531A5B317100892012 = {
			isa = PBXGroup;
			children = (
				AAF3EE5E1A5B317100892012 /* Crunchyroll iOS Test ImageViewer */,
				AAF3EE781A5B317100892012 /* Crunchyroll iOS Test ImageViewerTests */,
				AAF3EE5D1A5B317100892012 /* Products */,
				96040548DE3CF99424A5F0AF /* Pods */,
				F9B07DE7ADA8BADC4C7AA459 /* Frameworks */,
			);
			sourceTree = "<group>";
		};
		AAF3EE5D1A5B317100892012 /* Products */ = {
			isa = PBXGroup;
			children = (
				AAF3EE5C1A5B317100892012 /* Crunchyroll iOS Test ImageViewer.app */,
				AAF3EE751A5B317100892012 /* Crunchyroll iOS Test ImageViewerTests.xctest */,
			);
			name = Products;
			sourceTree = "<group>";
		};
		AAF3EE5E1A5B317100892012 /* Crunchyroll iOS Test ImageViewer */ = {
			isa = PBXGroup;
			children = (
				AAF3EE631A5B317100892012 /* AppDelegate.h */,
				AAF3EE641A5B317100892012 /* AppDelegate.m */,
				AA40DF331A5B36C3002FB6AD /* HomeTableViewController.h */,
				AA40DF341A5B36C3002FB6AD /* HomeTableViewController.m */,
				AAF3EE691A5B317100892012 /* Main.storyboard */,
				AA40DF391A5B3D4F002FB6AD /* Image.h */,
				AA40DF3A1A5B3D4F002FB6AD /* Image.m */,
				AA40DF361A5B3CD5002FB6AD /* CustomTableViewCell.h */,
				AA40DF371A5B3CD5002FB6AD /* CustomTableViewCell.m */,
				AA40DF3C1A5B43AF002FB6AD /* placeHolder.jpg */,
				AAF3EE6C1A5B317100892012 /* Images.xcassets */,
				AAF3EE6E1A5B317100892012 /* LaunchScreen.xib */,
				AAF3EE5F1A5B317100892012 /* Supporting Files */,
			);
			path = "Crunchyroll iOS Test ImageViewer";
			sourceTree = "<group>";
		};
		AAF3EE5F1A5B317100892012 /* Supporting Files */ = {
			isa = PBXGroup;
			children = (
				AAF3EE601A5B317100892012 /* Info.plist */,
				AAF3EE611A5B317100892012 /* main.m */,
			);
			name = "Supporting Files";
			sourceTree = "<group>";
		};
		AAF3EE781A5B317100892012 /* Crunchyroll iOS Test ImageViewerTests */ = {
			isa = PBXGroup;
			children = (
				AAF3EE7B1A5B317100892012 /* Crunchyroll_iOS_Test_ImageViewerTests.m */,
				AAF3EE791A5B317100892012 /* Supporting Files */,
			);
			path = "Crunchyroll iOS Test ImageViewerTests";
			sourceTree = "<group>";
		};
		AAF3EE791A5B317100892012 /* Supporting Files */ = {
			isa = PBXGroup;
			children = (
				AAF3EE7A1A5B317100892012 /* Info.plist */,
			);
			name = "Supporting Files";
			sourceTree = "<group>";
		};
		F9B07DE7ADA8BADC4C7AA459 /* Frameworks */ = {
			isa = PBXGroup;
			children = (
				912D2E00B7B2D7496F731D89 /* libPods-Crunchyroll iOS Test ImageViewer.a */,
			);
			name = Frameworks;
			sourceTree = "<group>";
		};
/* End PBXGroup section */

/* Begin PBXNativeTarget section */
		AAF3EE5B1A5B317100892012 /* Crunchyroll iOS Test ImageViewer */ = {
			isa = PBXNativeTarget;
			buildConfigurationList = AAF3EE7F1A5B317100892012 /* Build configuration list for PBXNativeTarget "Crunchyroll iOS Test ImageViewer" */;
			buildPhases = (
				6AE0AA98257FE7FDC4C806F9 /* Check Pods Manifest.lock */,
				AAF3EE581A5B317100892012 /* Sources */,
				AAF3EE591A5B317100892012 /* Frameworks */,
				AAF3EE5A1A5B317100892012 /* Resources */,
				8914B00EAE9AD4742A2F0AAB /* Copy Pods Resources */,
			);
			buildRules = (
			);
			dependencies = (
			);
			name = "Crunchyroll iOS Test ImageViewer";
			productName = "Crunchyroll iOS Test ImageViewer";
			productReference = AAF3EE5C1A5B317100892012 /* Crunchyroll iOS Test ImageViewer.app */;
			productType = "com.apple.product-type.application";
		};
		AAF3EE741A5B317100892012 /* Crunchyroll iOS Test ImageViewerTests */ = {
			isa = PBXNativeTarget;
			buildConfigurationList = AAF3EE821A5B317100892012 /* Build configuration list for PBXNativeTarget "Crunchyroll iOS Test ImageViewerTests" */;
			buildPhases = (
				AAF3EE711A5B317100892012 /* Sources */,
				AAF3EE721A5B317100892012 /* Frameworks */,
				AAF3EE731A5B317100892012 /* Resources */,
			);
			buildRules = (
			);
			dependencies = (
				AAF3EE771A5B317100892012 /* PBXTargetDependency */,
			);
			name = "Crunchyroll iOS Test ImageViewerTests";
			productName = "Crunchyroll iOS Test ImageViewerTests";
			productReference = AAF3EE751A5B317100892012 /* Crunchyroll iOS Test ImageViewerTests.xctest */;
			productType = "com.apple.product-type.bundle.unit-test";
		};
/* End PBXNativeTarget section */

/* Begin PBXProject section */
		AAF3EE541A5B317100892012 /* Project object */ = {
			isa = PBXProject;
			attributes = {
				LastUpgradeCheck = 0610;
				ORGANIZATIONNAME = TerryBuOrganization;
				TargetAttributes = {
					AAF3EE5B1A5B317100892012 = {
						CreatedOnToolsVersion = 6.1;
					};
					AAF3EE741A5B317100892012 = {
						CreatedOnToolsVersion = 6.1;
						TestTargetID = AAF3EE5B1A5B317100892012;
					};
				};
			};
			buildConfigurationList = AAF3EE571A5B317100892012 /* Build configuration list for PBXProject "Crunchyroll iOS Test ImageViewer" */;
			compatibilityVersion = "Xcode 3.2";
			developmentRegion = English;
			hasScannedForEncodings = 0;
			knownRegions = (
				en,
				Base,
			);
			mainGroup = AAF3EE531A5B317100892012;
			productRefGroup = AAF3EE5D1A5B317100892012 /* Products */;
			projectDirPath = "";
			projectRoot = "";
			targets = (
				AAF3EE5B1A5B317100892012 /* Crunchyroll iOS Test ImageViewer */,
				AAF3EE741A5B317100892012 /* Crunchyroll iOS Test ImageViewerTests */,
			);
		};
/* End PBXProject section */

/* Begin PBXResourcesBuildPhase section */
		AAF3EE5A1A5B317100892012 /* Resources */ = {
			isa = PBXResourcesBuildPhase;
			buildActionMask = 2147483647;
			files = (
				AAF3EE6B1A5B317100892012 /* Main.storyboard in Resources */,
				AA40DF3D1A5B43AF002FB6AD /* placeHolder.jpg in Resources */,
				AAF3EE701A5B317100892012 /* LaunchScreen.xib in Resources */,
				AAF3EE6D1A5B317100892012 /* Images.xcassets in Resources */,
			);
			runOnlyForDeploymentPostprocessing = 0;
		};
		AAF3EE731A5B317100892012 /* Resources */ = {
			isa = PBXResourcesBuildPhase;
			buildActionMask = 2147483647;
			files = (
			);
			runOnlyForDeploymentPostprocessing = 0;
		};
/* End PBXResourcesBuildPhase section */

/* Begin PBXShellScriptBuildPhase section */
		6AE0AA98257FE7FDC4C806F9 /* Check Pods Manifest.lock */ = {
			isa = PBXShellScriptBuildPhase;
			buildActionMask = 2147483647;
			files = (
			);
			inputPaths = (
			);
			name = "Check Pods Manifest.lock";
			outputPaths = (
			);
			runOnlyForDeploymentPostprocessing = 0;
			shellPath = /bin/sh;
			shellScript = "diff \"${PODS_ROOT}/../Podfile.lock\" \"${PODS_ROOT}/Manifest.lock\" > /dev/null\nif [[ $? != 0 ]] ; then\n    cat << EOM\nerror: The sandbox is not in sync with the Podfile.lock. Run 'pod install' or update your CocoaPods installation.\nEOM\n    exit 1\nfi\n";
			showEnvVarsInLog = 0;
		};
		8914B00EAE9AD4742A2F0AAB /* Copy Pods Resources */ = {
			isa = PBXShellScriptBuildPhase;
			buildActionMask = 2147483647;
			files = (
			);
			inputPaths = (
			);
			name = "Copy Pods Resources";
			outputPaths = (
			);
			runOnlyForDeploymentPostprocessing = 0;
			shellPath = /bin/sh;
			shellScript = "\"${SRCROOT}/Pods/Target Support Files/Pods-Crunchyroll iOS Test ImageViewer/Pods-Crunchyroll iOS Test ImageViewer-resources.sh\"\n";
			showEnvVarsInLog = 0;
		};
/* End PBXShellScriptBuildPhase section */

/* Begin PBXSourcesBuildPhase section */
		AAF3EE581A5B317100892012 /* Sources */ = {
			isa = PBXSourcesBuildPhase;
			buildActionMask = 2147483647;
			files = (
				AAF3EE651A5B317100892012 /* AppDelegate.m in Sources */,
				AA40DF351A5B36C3002FB6AD /* HomeTableViewController.m in Sources */,
				AA40DF381A5B3CD5002FB6AD /* CustomTableViewCell.m in Sources */,
				AAF3EE621A5B317100892012 /* main.m in Sources */,
				AA40DF3B1A5B3D4F002FB6AD /* Image.m in Sources */,
			);
			runOnlyForDeploymentPostprocessing = 0;
		};
		AAF3EE711A5B317100892012 /* Sources */ = {
			isa = PBXSourcesBuildPhase;
			buildActionMask = 2147483647;
			files = (
				AAF3EE7C1A5B317100892012 /* Crunchyroll_iOS_Test_ImageViewerTests.m in Sources */,
			);
			runOnlyForDeploymentPostprocessing = 0;
		};
/* End PBXSourcesBuildPhase section */

/* Begin PBXTargetDependency section */
		AAF3EE771A5B317100892012 /* PBXTargetDependency */ = {
			isa = PBXTargetDependency;
			target = AAF3EE5B1A5B317100892012 /* Crunchyroll iOS Test ImageViewer */;
			targetProxy = AAF3EE761A5B317100892012 /* PBXContainerItemProxy */;
		};
/* End PBXTargetDependency section */

/* Begin PBXVariantGroup section */
		AAF3EE691A5B317100892012 /* Main.storyboard */ = {
			isa = PBXVariantGroup;
			children = (
				AAF3EE6A1A5B317100892012 /* Base */,
			);
			name = Main.storyboard;
			sourceTree = "<group>";
		};
		AAF3EE6E1A5B317100892012 /* LaunchScreen.xib */ = {
			isa = PBXVariantGroup;
			children = (
				AAF3EE6F1A5B317100892012 /* Base */,
			);
			name = LaunchScreen.xib;
			sourceTree = "<group>";
		};
/* End PBXVariantGroup section */

/* Begin XCBuildConfiguration section */
		AAF3EE7D1A5B317100892012 /* Debug */ = {
			isa = XCBuildConfiguration;
			buildSettings = {
				ALWAYS_SEARCH_USER_PATHS = NO;
				CLANG_CXX_LANGUAGE_STANDARD = "gnu++0x";
				CLANG_CXX_LIBRARY = "libc++";
				CLANG_ENABLE_MODULES = YES;
				CLANG_ENABLE_OBJC_ARC = YES;
				CLANG_WARN_BOOL_CONVERSION = YES;
				CLANG_WARN_CONSTANT_CONVERSION = YES;
				CLANG_WARN_DIRECT_OBJC_ISA_USAGE = YES_ERROR;
				CLANG_WARN_EMPTY_BODY = YES;
				CLANG_WARN_ENUM_CONVERSION = YES;
				CLANG_WARN_INT_CONVERSION = YES;
				CLANG_WARN_OBJC_ROOT_CLASS = YES_ERROR;
				CLANG_WARN_UNREACHABLE_CODE = YES;
				CLANG_WARN__DUPLICATE_METHOD_MATCH = YES;
				"CODE_SIGN_IDENTITY[sdk=iphoneos*]" = "iPhone Developer";
				COPY_PHASE_STRIP = NO;
				ENABLE_STRICT_OBJC_MSGSEND = YES;
				GCC_C_LANGUAGE_STANDARD = gnu99;
				GCC_DYNAMIC_NO_PIC = NO;
				GCC_OPTIMIZATION_LEVEL = 0;
				GCC_PREPROCESSOR_DEFINITIONS = (
					"DEBUG=1",
					"$(inherited)",
				);
				GCC_SYMBOLS_PRIVATE_EXTERN = NO;
				GCC_WARN_64_TO_32_BIT_CONVERSION = YES;
				GCC_WARN_ABOUT_RETURN_TYPE = YES_ERROR;
				GCC_WARN_UNDECLARED_SELECTOR = YES;
				GCC_WARN_UNINITIALIZED_AUTOS = YES_AGGRESSIVE;
				GCC_WARN_UNUSED_FUNCTION = YES;
				GCC_WARN_UNUSED_VARIABLE = YES;
				IPHONEOS_DEPLOYMENT_TARGET = 8.1;
				MTL_ENABLE_DEBUG_INFO = YES;
				ONLY_ACTIVE_ARCH = YES;
				SDKROOT = iphoneos;
			};
			name = Debug;
		};
		AAF3EE7E1A5B317100892012 /* Release */ = {
			isa = XCBuildConfiguration;
			buildSettings = {
				ALWAYS_SEARCH_USER_PATHS = NO;
				CLANG_CXX_LANGUAGE_STANDARD = "gnu++0x";
				CLANG_CXX_LIBRARY = "libc++";
				CLANG_ENABLE_MODULES = YES;
				CLANG_ENABLE_OBJC_ARC = YES;
				CLANG_WARN_BOOL_CONVERSION = YES;
				CLANG_WARN_CONSTANT_CONVERSION = YES;
				CLANG_WARN_DIRECT_OBJC_ISA_USAGE = YES_ERROR;
				CLANG_WARN_EMPTY_BODY = YES;
				CLANG_WARN_ENUM_CONVERSION = YES;
				CLANG_WARN_INT_CONVERSION = YES;
				CLANG_WARN_OBJC_ROOT_CLASS = YES_ERROR;
				CLANG_WARN_UNREACHABLE_CODE = YES;
				CLANG_WARN__DUPLICATE_METHOD_MATCH = YES;
				"CODE_SIGN_IDENTITY[sdk=iphoneos*]" = "iPhone Developer";
				COPY_PHASE_STRIP = YES;
				ENABLE_NS_ASSERTIONS = NO;
				ENABLE_STRICT_OBJC_MSGSEND = YES;
				GCC_C_LANGUAGE_STANDARD = gnu99;
				GCC_WARN_64_TO_32_BIT_CONVERSION = YES;
				GCC_WARN_ABOUT_RETURN_TYPE = YES_ERROR;
				GCC_WARN_UNDECLARED_SELECTOR = YES;
				GCC_WARN_UNINITIALIZED_AUTOS = YES_AGGRESSIVE;
				GCC_WARN_UNUSED_FUNCTION = YES;
				GCC_WARN_UNUSED_VARIABLE = YES;
				IPHONEOS_DEPLOYMENT_TARGET = 8.1;
				MTL_ENABLE_DEBUG_INFO = NO;
				SDKROOT = iphoneos;
				VALIDATE_PRODUCT = YES;
			};
			name = Release;
		};
		AAF3EE801A5B317100892012 /* Debug */ = {
			isa = XCBuildConfiguration;
			baseConfigurationReference = EC846017D2FE348A6DEB38E9 /* Pods-Crunchyroll iOS Test ImageViewer.debug.xcconfig */;
			buildSettings = {
				ASSETCATALOG_COMPILER_APPICON_NAME = AppIcon;
				INFOPLIST_FILE = "Crunchyroll iOS Test ImageViewer/Info.plist";
				LD_RUNPATH_SEARCH_PATHS = "$(inherited) @executable_path/Frameworks";
				PRODUCT_NAME = "$(TARGET_NAME)";
			};
			name = Debug;
		};
		AAF3EE811A5B317100892012 /* Release */ = {
			isa = XCBuildConfiguration;
			baseConfigurationReference = 36106C43042B7BC405007C47 /* Pods-Crunchyroll iOS Test ImageViewer.release.xcconfig */;
			buildSettings = {
				ASSETCATALOG_COMPILER_APPICON_NAME = AppIcon;
				INFOPLIST_FILE = "Crunchyroll iOS Test ImageViewer/Info.plist";
				LD_RUNPATH_SEARCH_PATHS = "$(inherited) @executable_path/Frameworks";
				PRODUCT_NAME = "$(TARGET_NAME)";
			};
			name = Release;
		};
		AAF3EE831A5B317100892012 /* Debug */ = {
			isa = XCBuildConfiguration;
			buildSettings = {
				BUNDLE_LOADER = "$(TEST_HOST)";
				FRAMEWORK_SEARCH_PATHS = (
					"$(SDKROOT)/Developer/Library/Frameworks",
					"$(inherited)",
				);
				GCC_PREPROCESSOR_DEFINITIONS = (
					"DEBUG=1",
					"$(inherited)",
				);
				INFOPLIST_FILE = "Crunchyroll iOS Test ImageViewerTests/Info.plist";
				LD_RUNPATH_SEARCH_PATHS = "$(inherited) @executable_path/Frameworks @loader_path/Frameworks";
				PRODUCT_NAME = "$(TARGET_NAME)";
				TEST_HOST = "$(BUILT_PRODUCTS_DIR)/Crunchyroll iOS Test ImageViewer.app/Crunchyroll iOS Test ImageViewer";
			};
			name = Debug;
		};
		AAF3EE841A5B317100892012 /* Release */ = {
			isa = XCBuildConfiguration;
			buildSettings = {
				BUNDLE_LOADER = "$(TEST_HOST)";
				FRAMEWORK_SEARCH_PATHS = (
					"$(SDKROOT)/Developer/Library/Frameworks",
					"$(inherited)",
				);
				INFOPLIST_FILE = "Crunchyroll iOS Test ImageViewerTests/Info.plist";
				LD_RUNPATH_SEARCH_PATHS = "$(inherited) @executable_path/Frameworks @loader_path/Frameworks";
				PRODUCT_NAME = "$(TARGET_NAME)";
				TEST_HOST = "$(BUILT_PRODUCTS_DIR)/Crunchyroll iOS Test ImageViewer.app/Crunchyroll iOS Test ImageViewer";
			};
			name = Release;
		};
/* End XCBuildConfiguration section */

/* Begin XCConfigurationList section */
		AAF3EE571A5B317100892012 /* Build configuration list for PBXProject "Crunchyroll iOS Test ImageViewer" */ = {
			isa = XCConfigurationList;
			buildConfigurations = (
				AAF3EE7D1A5B317100892012 /* Debug */,
				AAF3EE7E1A5B317100892012 /* Release */,
			);
			defaultConfigurationIsVisible = 0;
			defaultConfigurationName = Release;
		};
		AAF3EE7F1A5B317100892012 /* Build configuration list for PBXNativeTarget "Crunchyroll iOS Test ImageViewer" */ = {
			isa = XCConfigurationList;
			buildConfigurations = (
				AAF3EE801A5B317100892012 /* Debug */,
				AAF3EE811A5B317100892012 /* Release */,
			);
			defaultConfigurationIsVisible = 0;
			defaultConfigurationName = Release;
		};
		AAF3EE821A5B317100892012 /* Build configuration list for PBXNativeTarget "Crunchyroll iOS Test ImageViewerTests" */ = {
			isa = XCConfigurationList;
			buildConfigurations = (
				AAF3EE831A5B317100892012 /* Debug */,
				AAF3EE841A5B317100892012 /* Release */,
			);
			defaultConfigurationIsVisible = 0;
			defaultConfigurationName = Release;
		};
/* End XCConfigurationList section */
	};
	rootObject = AAF3EE541A5B317100892012 /* Project object */;
}
